
Microsoft Visual Studio Solution File, Format Version 12.00
# Visual Studio 15
VisualStudioVersion = 15.0.28307.572
MinimumVisualStudioVersion = 10.0.40219.1
Project("{8BC9CEB8-8B4A-11D0-8D11-00A0C91BC942}") = "test", "test.vcxproj", "{0102B176-4DDE-4965-A7DB-286D8E3CE228}"
EndProject
Project("{8BC9CEB8-8B4A-11D0-8D11-00A0C91BC942}") = "public", "public.vcxproj", "{3A70794F-986D-47F8-AD5E-126B0E6D7123}"
EndProject
Project("{8BC9CEB8-8B4A-11D0-8D11-00A0C91BC942}") = "real_audio", "real_audio.vcxproj", "{5AB82001-C2B8-4737-ACD4-60D8F436148F}"
EndProject
Project("{8BC9CEB8-8B4A-11D0-8D11-00A0C91BC942}") = "real_video", "real_video.vcxproj", "{5B7DA6A9-4CD3-4B75-988C-310766949E91}"
EndProject
Global
	GlobalSection(SolutionConfigurationPlatforms) = preSolution
		Debug|x64 = Debug|x64
		Debug|x86 = Debug|x86
		Release|x64 = Release|x64
		Release|x86 = Release|x86
	EndGlobalSection
	GlobalSection(ProjectConfigurationPlatforms) = postSolution
		{0102B176-4DDE-4965-A7DB-286D8E3CE228}.Debug|x64.ActiveCfg = Debug|x64
		{0102B176-4DDE-4965-A7DB-286D8E3CE228}.Debug|x64.Build.0 = Debug|x64
		{0102B176-4DDE-4965-A7DB-286D8E3CE228}.Debug|x86.ActiveCfg = Debug|Win32
		{0102B176-4DDE-4965-A7DB-286D8E3CE228}.Debug|x86.Build.0 = Debug|Win32
		{0102B176-4DDE-4965-A7DB-286D8E3CE228}.Release|x64.ActiveCfg = Release|x64
		{0102B176-4DDE-4965-A7DB-286D8E3CE228}.Release|x64.Build.0 = Release|x64
		{0102B176-4DDE-4965-A7DB-286D8E3CE228}.Release|x86.ActiveCfg = Release|Win32
		{0102B176-4DDE-4965-A7DB-286D8E3CE228}.Release|x86.Build.0 = Release|Win32
		{3A70794F-986D-47F8-AD5E-126B0E6D7123}.Debug|x64.ActiveCfg = Debug|x64
		{3A70794F-986D-47F8-AD5E-126B0E6D7123}.Debug|x64.Build.0 = Debug|x64
		{3A70794F-986D-47F8-AD5E-126B0E6D7123}.Debug|x86.ActiveCfg = Debug|Win32
		{3A70794F-986D-47F8-AD5E-126B0E6D7123}.Debug|x86.Build.0 = Debug|Win32
		{3A70794F-986D-47F8-AD5E-126B0E6D7123}.Release|x64.ActiveCfg = Release|x64
		{3A70794F-986D-47F8-AD5E-126B0E6D7123}.Release|x64.Build.0 = Release|x64
		{3A70794F-986D-47F8-AD5E-126B0E6D7123}.Release|x86.ActiveCfg = Release|Win32
		{3A70794F-986D-47F8-AD5E-126B0E6D7123}.Release|x86.Build.0 = Release|Win32
		{5AB82001-C2B8-4737-ACD4-60D8F436148F}.Debug|x64.ActiveCfg = Debug|x64
		{5AB82001-C2B8-4737-ACD4-60D8F436148F}.Debug|x64.Build.0 = Debug|x64
		{5AB82001-C2B8-4737-ACD4-60D8F436148F}.Debug|x86.ActiveCfg = Debug|Win32
		{5AB82001-C2B8-4737-ACD4-60D8F436148F}.Debug|x86.Build.0 = Debug|Win32
		{5AB82001-C2B8-4737-ACD4-60D8F436148F}.Release|x64.ActiveCfg = Release|x64
		{5AB82001-C2B8-4737-ACD4-60D8F436148F}.Release|x64.Build.0 = Release|x64
		{5AB82001-C2B8-4737-ACD4-60D8F436148F}.Release|x86.ActiveCfg = Release|Win32
		{5AB82001-C2B8-4737-ACD4-60D8F436148F}.Release|x86.Build.0 = Release|Win32
		{5B7DA6A9-4CD3-4B75-988C-310766949E91}.Debug|x64.ActiveCfg = Debug|x64
		{5B7DA6A9-4CD3-4B75-988C-310766949E91}.Debug|x64.Build.0 = Debug|x64
		{5B7DA6A9-4CD3-4B75-988C-310766949E91}.Debug|x86.ActiveCfg = Debug|Win32
		{5B7DA6A9-4CD3-4B75-988C-310766949E91}.Debug|x86.Build.0 = Debug|Win32
		{5B7DA6A9-4CD3-4B75-988C-310766949E91}.Release|x64.ActiveCfg = Release|x64
		{5B7DA6A9-4CD3-4B75-988C-310766949E91}.Release|x64.Build.0 = Release|x64
		{5B7DA6A9-4CD3-4B75-988C-310766949E91}.Release|x86.ActiveCfg = Release|Win32
		{5B7DA6A9-4CD3-4B75-988C-310766949E91}.Release|x86.Build.0 = Release|Win32
	EndGlobalSection
	GlobalSection(SolutionProperties) = preSolution
		HideSolutionNode = FALSE
	EndGlobalSection
	GlobalSection(ExtensibilityGlobals) = postSolution
		SolutionGuid = {FF0F8825-963E-44B6-9C83-8F665B243AD7}
	EndGlobalSection
EndGlobal
